
Microsoft Visual Studio Solution File, Format Version 12.00
# Visual Studio Version 17
VisualStudioVersion = 17.8.34525.116
MinimumVisualStudioVersion = 10.0.40219.1
Project("{FAE04EC0-301F-11D3-BF4B-00C04F79EFBC}") = "Klavyeden Kenarlari Girilen Dikdortgenin Alani", "Klavyeden Kenarlari Girilen Dikdortgenin Alani\Klavyeden Kenarlari Girilen Dikdortgenin Alani.csproj", "{7F94EB24-53A9-4850-B114-16A266E8ED31}"
EndProject
Global
	GlobalSection(SolutionConfigurationPlatforms) = preSolution
		Debug|Any CPU = Debug|Any CPU
		Release|Any CPU = Release|Any CPU
	EndGlobalSection
	GlobalSection(ProjectConfigurationPlatforms) = postSolution
		{7F94EB24-53A9-4850-B114-16A266E8ED31}.Debug|Any CPU.ActiveCfg = Debug|Any CPU
		{7F94EB24-53A9-4850-B114-16A266E8ED31}.Debug|Any CPU.Build.0 = Debug|Any CPU
		{7F94EB24-53A9-4850-B114-16A266E8ED31}.Release|Any CPU.ActiveCfg = Release|Any CPU
		{7F94EB24-53A9-4850-B114-16A266E8ED31}.Release|Any CPU.Build.0 = Release|Any CPU
	EndGlobalSection
	GlobalSection(SolutionProperties) = preSolution
		HideSolutionNode = FALSE
	EndGlobalSection
	GlobalSection(ExtensibilityGlobals) = postSolution
		SolutionGuid = {BDCACB50-F94B-4912-BD28-35A6B43223AE}
	EndGlobalSection
EndGlobal
